// !$*UTF8*$!
{
	archiveVersion = 1;
	classes = {
	};
	objectVersion = 55;
	objects = {

/* Begin PBXBuildFile section */
		61119A9127B3063600C77383 /* AppDelegate.swift in Sources */ = {isa = PBXBuildFile; fileRef = 61119A9027B3063600C77383 /* AppDelegate.swift */; };
		61119A9327B3063600C77383 /* SceneDelegate.swift in Sources */ = {isa = PBXBuildFile; fileRef = 61119A9227B3063600C77383 /* SceneDelegate.swift */; };
		61119A9527B3063600C77383 /* ViewController.swift in Sources */ = {isa = PBXBuildFile; fileRef = 61119A9427B3063600C77383 /* ViewController.swift */; };
		61119A9827B3063600C77383 /* Main.storyboard in Resources */ = {isa = PBXBuildFile; fileRef = 61119A9627B3063600C77383 /* Main.storyboard */; };
		61119A9A27B3063700C77383 /* Assets.xcassets in Resources */ = {isa = PBXBuildFile; fileRef = 61119A9927B3063700C77383 /* Assets.xcassets */; };
		61119A9D27B3063700C77383 /* LaunchScreen.storyboard in Resources */ = {isa = PBXBuildFile; fileRef = 61119A9B27B3063700C77383 /* LaunchScreen.storyboard */; };
		61119AA827B3063700C77383 /* IkennaFlixTests.swift in Sources */ = {isa = PBXBuildFile; fileRef = 61119AA727B3063700C77383 /* IkennaFlixTests.swift */; };
		61119AB227B3063700C77383 /* IkennaFlixUITests.swift in Sources */ = {isa = PBXBuildFile; fileRef = 61119AB127B3063700C77383 /* IkennaFlixUITests.swift */; };
		61119AB427B3063700C77383 /* IkennaFlixUITestsLaunchTests.swift in Sources */ = {isa = PBXBuildFile; fileRef = 61119AB327B3063700C77383 /* IkennaFlixUITestsLaunchTests.swift */; };
/* End PBXBuildFile section */

/* Begin PBXContainerItemProxy section */
		61119AA427B3063700C77383 /* PBXContainerItemProxy */ = {
			isa = PBXContainerItemProxy;
			containerPortal = 61119A8527B3063600C77383 /* Project object */;
			proxyType = 1;
			remoteGlobalIDString = 61119A8C27B3063600C77383;
			remoteInfo = IkennaFlix;
		};
		61119AAE27B3063700C77383 /* PBXContainerItemProxy */ = {
			isa = PBXContainerItemProxy;
			containerPortal = 61119A8527B3063600C77383 /* Project object */;
			proxyType = 1;
			remoteGlobalIDString = 61119A8C27B3063600C77383;
			remoteInfo = IkennaFlix;
		};
/* End PBXContainerItemProxy section */

/* Begin PBXFileReference section */
		61119A8D27B3063600C77383 /* IkennaFlix.app */ = {isa = PBXFileReference; explicitFileType = wrapper.application; includeInIndex = 0; path = IkennaFlix.app; sourceTree = BUILT_PRODUCTS_DIR; };
		61119A9027B3063600C77383 /* AppDelegate.swift */ = {isa = PBXFileReference; lastKnownFileType = sourcecode.swift; path = AppDelegate.swift; sourceTree = "<group>"; };
		61119A9227B3063600C77383 /* SceneDelegate.swift */ = {isa = PBXFileReference; lastKnownFileType = sourcecode.swift; path = SceneDelegate.swift; sourceTree = "<group>"; };
		61119A9427B3063600C77383 /* ViewController.swift */ = {isa = PBXFileReference; lastKnownFileType = sourcecode.swift; path = ViewController.swift; sourceTree = "<group>"; };
		61119A9727B3063600C77383 /* Base */ = {isa = PBXFileReference; lastKnownFileType = file.storyboard; name = Base; path = Base.lproj/Main.storyboard; sourceTree = "<group>"; };
		61119A9927B3063700C77383 /* Assets.xcassets */ = {isa = PBXFileReference; lastKnownFileType = folder.assetcatalog; path = Assets.xcassets; sourceTree = "<group>"; };
		61119A9C27B3063700C77383 /* Base */ = {isa = PBXFileReference; lastKnownFileType = file.storyboard; name = Base; path = Base.lproj/LaunchScreen.storyboard; sourceTree = "<group>"; };
		61119A9E27B3063700C77383 /* Info.plist */ = {isa = PBXFileReference; lastKnownFileType = text.plist.xml; path = Info.plist; sourceTree = "<group>"; };
		61119AA327B3063700C77383 /* IkennaFlixTests.xctest */ = {isa = PBXFileReference; explicitFileType = wrapper.cfbundle; includeInIndex = 0; path = IkennaFlixTests.xctest; sourceTree = BUILT_PRODUCTS_DIR; };
		61119AA727B3063700C77383 /* IkennaFlixTests.swift */ = {isa = PBXFileReference; lastKnownFileType = sourcecode.swift; path = IkennaFlixTests.swift; sourceTree = "<group>"; };
		61119AAD27B3063700C77383 /* IkennaFlixUITests.xctest */ = {isa = PBXFileReference; explicitFileType = wrapper.cfbundle; includeInIndex = 0; path = IkennaFlixUITests.xctest; sourceTree = BUILT_PRODUCTS_DIR; };
		61119AB127B3063700C77383 /* IkennaFlixUITests.swift */ = {isa = PBXFileReference; lastKnownFileType = sourcecode.swift; path = IkennaFlixUITests.swift; sourceTree = "<group>"; };
		61119AB327B3063700C77383 /* IkennaFlixUITestsLaunchTests.swift */ = {isa = PBXFileReference; lastKnownFileType = sourcecode.swift; path = IkennaFlixUITestsLaunchTests.swift; sourceTree = "<group>"; };
/* End PBXFileReference section */

/* Begin PBXFrameworksBuildPhase section */
		61119A8A27B3063600C77383 /* Frameworks */ = {
			isa = PBXFrameworksBuildPhase;
			buildActionMask = 2147483647;
			files = (
			);
			runOnlyForDeploymentPostprocessing = 0;
		};
		61119AA027B3063700C77383 /* Frameworks */ = {
			isa = PBXFrameworksBuildPhase;
			buildActionMask = 2147483647;
			files = (
			);
			runOnlyForDeploymentPostprocessing = 0;
		};
		61119AAA27B3063700C77383 /* Frameworks */ = {
			isa = PBXFrameworksBuildPhase;
			buildActionMask = 2147483647;
			files = (
			);
			runOnlyForDeploymentPostprocessing = 0;
		};
/* End PBXFrameworksBuildPhase section */

/* Begin PBXGroup section */
		61119A8427B3063600C77383 = {
			isa = PBXGroup;
			children = (
				61119A8F27B3063600C77383 /* IkennaFlix */,
				61119AA627B3063700C77383 /* IkennaFlixTests */,
				61119AB027B3063700C77383 /* IkennaFlixUITests */,
				61119A8E27B3063600C77383 /* Products */,
			);
			sourceTree = "<group>";
		};
		61119A8E27B3063600C77383 /* Products */ = {
			isa = PBXGroup;
			children = (
				61119A8D27B3063600C77383 /* IkennaFlix.app */,
				61119AA327B3063700C77383 /* IkennaFlixTests.xctest */,
				61119AAD27B3063700C77383 /* IkennaFlixUITests.xctest */,
			);
			name = Products;
			sourceTree = "<group>";
		};
		61119A8F27B3063600C77383 /* IkennaFlix */ = {
			isa = PBXGroup;
			children = (
				61119A9027B3063600C77383 /* AppDelegate.swift */,
				61119A9227B3063600C77383 /* SceneDelegate.swift */,
				61119A9427B3063600C77383 /* ViewController.swift */,
				61119A9627B3063600C77383 /* Main.storyboard */,
				61119A9927B3063700C77383 /* Assets.xcassets */,
				61119A9B27B3063700C77383 /* LaunchScreen.storyboard */,
				61119A9E27B3063700C77383 /* Info.plist */,
			);
			path = IkennaFlix;
			sourceTree = "<group>";
		};
		61119AA627B3063700C77383 /* IkennaFlixTests */ = {
			isa = PBXGroup;
			children = (
				61119AA727B3063700C77383 /* IkennaFlixTests.swift */,
			);
			path = IkennaFlixTests;
			sourceTree = "<group>";
		};
		61119AB027B3063700C77383 /* IkennaFlixUITests */ = {
			isa = PBXGroup;
			children = (
				61119AB127B3063700C77383 /* IkennaFlixUITests.swift */,
				61119AB327B3063700C77383 /* IkennaFlixUITestsLaunchTests.swift */,
			);
			path = IkennaFlixUITests;
			sourceTree = "<group>";
		};
/* End PBXGroup section */

/* Begin PBXNativeTarget section */
		61119A8C27B3063600C77383 /* IkennaFlix */ = {
			isa = PBXNativeTarget;
			buildConfigurationList = 61119AB727B3063700C77383 /* Build configuration list for PBXNativeTarget "IkennaFlix" */;
			buildPhases = (
				61119A8927B3063600C77383 /* Sources */,
				61119A8A27B3063600C77383 /* Frameworks */,
				61119A8B27B3063600C77383 /* Resources */,
			);
			buildRules = (
			);
			dependencies = (
			);
			name = IkennaFlix;
			productName = IkennaFlix;
			productReference = 61119A8D27B3063600C77383 /* IkennaFlix.app */;
			productType = "com.apple.product-type.application";
		};
		61119AA227B3063700C77383 /* IkennaFlixTests */ = {
			isa = PBXNativeTarget;
			buildConfigurationList = 61119ABA27B3063700C77383 /* Build configuration list for PBXNativeTarget "IkennaFlixTests" */;
			buildPhases = (
				61119A9F27B3063700C77383 /* Sources */,
				61119AA027B3063700C77383 /* Frameworks */,
				61119AA127B3063700C77383 /* Resources */,
			);
			buildRules = (
			);
			dependencies = (
				61119AA527B3063700C77383 /* PBXTargetDependency */,
			);
			name = IkennaFlixTests;
			productName = IkennaFlixTests;
			productReference = 61119AA327B3063700C77383 /* IkennaFlixTests.xctest */;
			productType = "com.apple.product-type.bundle.unit-test";
		};
		61119AAC27B3063700C77383 /* IkennaFlixUITests */ = {
			isa = PBXNativeTarget;
			buildConfigurationList = 61119ABD27B3063700C77383 /* Build configuration list for PBXNativeTarget "IkennaFlixUITests" */;
			buildPhases = (
				61119AA927B3063700C77383 /* Sources */,
				61119AAA27B3063700C77383 /* Frameworks */,
				61119AAB27B3063700C77383 /* Resources */,
			);
			buildRules = (
			);
			dependencies = (
				61119AAF27B3063700C77383 /* PBXTargetDependency */,
			);
			name = IkennaFlixUITests;
			productName = IkennaFlixUITests;
			productReference = 61119AAD27B3063700C77383 /* IkennaFlixUITests.xctest */;
			productType = "com.apple.product-type.bundle.ui-testing";
		};
/* End PBXNativeTarget section */

/* Begin PBXProject section */
		61119A8527B3063600C77383 /* Project object */ = {
			isa = PBXProject;
			attributes = {
				BuildIndependentTargetsInParallel = 1;
				LastSwiftUpdateCheck = 1320;
				LastUpgradeCheck = 1320;
				TargetAttributes = {
					61119A8C27B3063600C77383 = {
						CreatedOnToolsVersion = 13.2.1;
					};
					61119AA227B3063700C77383 = {
						CreatedOnToolsVersion = 13.2.1;
						TestTargetID = 61119A8C27B3063600C77383;
					};
					61119AAC27B3063700C77383 = {
						CreatedOnToolsVersion = 13.2.1;
						TestTargetID = 61119A8C27B3063600C77383;
					};
				};
			};
			buildConfigurationList = 61119A8827B3063600C77383 /* Build configuration list for PBXProject "IkennaFlix" */;
			compatibilityVersion = "Xcode 13.0";
			developmentRegion = en;
			hasScannedForEncodings = 0;
			knownRegions = (
				en,
				Base,
			);
			mainGroup = 61119A8427B3063600C77383;
			productRefGroup = 61119A8E27B3063600C77383 /* Products */;
			projectDirPath = "";
			projectRoot = "";
			targets = (
				61119A8C27B3063600C77383 /* IkennaFlix */,
				61119AA227B3063700C77383 /* IkennaFlixTests */,
				61119AAC27B3063700C77383 /* IkennaFlixUITests */,
			);
		};
/* End PBXProject section */

/* Begin PBXResourcesBuildPhase section */
		61119A8B27B3063600C77383 /* Resources */ = {
			isa = PBXResourcesBuildPhase;
			buildActionMask = 2147483647;
			files = (
				61119A9D27B3063700C77383 /* LaunchScreen.storyboard in Resources */,
				61119A9A27B3063700C77383 /* Assets.xcassets in Resources */,
				61119A9827B3063600C77383 /* Main.storyboard in Resources */,
			);
			runOnlyForDeploymentPostprocessing = 0;
		};
		61119AA127B3063700C77383 /* Resources */ = {
			isa = PBXResourcesBuildPhase;
			buildActionMask = 2147483647;
			files = (
			);
			runOnlyForDeploymentPostprocessing = 0;
		};
		61119AAB27B3063700C77383 /* Resources */ = {
			isa = PBXResourcesBuildPhase;
			buildActionMask = 2147483647;
			files = (
			);
			runOnlyForDeploymentPostprocessing = 0;
		};
/* End PBXResourcesBuildPhase section */

/* Begin PBXSourcesBuildPhase section */
		61119A8927B3063600C77383 /* Sources */ = {
			isa = PBXSourcesBuildPhase;
			buildActionMask = 2147483647;
			files = (
				61119A9527B3063600C77383 /* ViewController.swift in Sources */,
				61119A9127B3063600C77383 /* AppDelegate.swift in Sources */,
				61119A9327B3063600C77383 /* SceneDelegate.swift in Sources */,
			);
			runOnlyForDeploymentPostprocessing = 0;
		};
		61119A9F27B3063700C77383 /* Sources */ = {
			isa = PBXSourcesBuildPhase;
			buildActionMask = 2147483647;
			files = (
				61119AA827B3063700C77383 /* IkennaFlixTests.swift in Sources */,
			);
			runOnlyForDeploymentPostprocessing = 0;
		};
		61119AA927B3063700C77383 /* Sources */ = {
			isa = PBXSourcesBuildPhase;
			buildActionMask = 2147483647;
			files = (
				61119AB227B3063700C77383 /* IkennaFlixUITests.swift in Sources */,
				61119AB427B3063700C77383 /* IkennaFlixUITestsLaunchTests.swift in Sources */,
			);
			runOnlyForDeploymentPostprocessing = 0;
		};
/* End PBXSourcesBuildPhase section */

/* Begin PBXTargetDependency section */
		61119AA527B3063700C77383 /* PBXTargetDependency */ = {
			isa = PBXTargetDependency;
			target = 61119A8C27B3063600C77383 /* IkennaFlix */;
			targetProxy = 61119AA427B3063700C77383 /* PBXContainerItemProxy */;
		};
		61119AAF27B3063700C77383 /* PBXTargetDependency */ = {
			isa = PBXTargetDependency;
			target = 61119A8C27B3063600C77383 /* IkennaFlix */;
			targetProxy = 61119AAE27B3063700C77383 /* PBXContainerItemProxy */;
		};
/* End PBXTargetDependency section */

/* Begin PBXVariantGroup section */
		61119A9627B3063600C77383 /* Main.storyboard */ = {
			isa = PBXVariantGroup;
			children = (
				61119A9727B3063600C77383 /* Base */,
			);
			name = Main.storyboard;
			sourceTree = "<group>";
		};
		61119A9B27B3063700C77383 /* LaunchScreen.storyboard */ = {
			isa = PBXVariantGroup;
			children = (
				61119A9C27B3063700C77383 /* Base */,
			);
			name = LaunchScreen.storyboard;
			sourceTree = "<group>";
		};
/* End PBXVariantGroup section */

/* Begin XCBuildConfiguration section */
		61119AB527B3063700C77383 /* Debug */ = {
			isa = XCBuildConfiguration;
			buildSettings = {
				ALWAYS_SEARCH_USER_PATHS = NO;
				CLANG_ANALYZER_NONNULL = YES;
				CLANG_ANALYZER_NUMBER_OBJECT_CONVERSION = YES_AGGRESSIVE;
				CLANG_CXX_LANGUAGE_STANDARD = "gnu++17";
				CLANG_CXX_LIBRARY = "libc++";
				CLANG_ENABLE_MODULES = YES;
				CLANG_ENABLE_OBJC_ARC = YES;
				CLANG_ENABLE_OBJC_WEAK = YES;
				CLANG_WARN_BLOCK_CAPTURE_AUTORELEASING = YES;
				CLANG_WARN_BOOL_CONVERSION = YES;
				CLANG_WARN_COMMA = YES;
				CLANG_WARN_CONSTANT_CONVERSION = YES;
				CLANG_WARN_DEPRECATED_OBJC_IMPLEMENTATIONS = YES;
				CLANG_WARN_DIRECT_OBJC_ISA_USAGE = YES_ERROR;
				CLANG_WARN_DOCUMENTATION_COMMENTS = YES;
				CLANG_WARN_EMPTY_BODY = YES;
				CLANG_WARN_ENUM_CONVERSION = YES;
				CLANG_WARN_INFINITE_RECURSION = YES;
				CLANG_WARN_INT_CONVERSION = YES;
				CLANG_WARN_NON_LITERAL_NULL_CONVERSION = YES;
				CLANG_WARN_OBJC_IMPLICIT_RETAIN_SELF = YES;
				CLANG_WARN_OBJC_LITERAL_CONVERSION = YES;
				CLANG_WARN_OBJC_ROOT_CLASS = YES_ERROR;
				CLANG_WARN_QUOTED_INCLUDE_IN_FRAMEWORK_HEADER = YES;
				CLANG_WARN_RANGE_LOOP_ANALYSIS = YES;
				CLANG_WARN_STRICT_PROTOTYPES = YES;
				CLANG_WARN_SUSPICIOUS_MOVE = YES;
				CLANG_WARN_UNGUARDED_AVAILABILITY = YES_AGGRESSIVE;
				CLANG_WARN_UNREACHABLE_CODE = YES;
				CLANG_WARN__DUPLICATE_METHOD_MATCH = YES;
				COPY_PHASE_STRIP = NO;
				DEBUG_INFORMATION_FORMAT = dwarf;
				ENABLE_STRICT_OBJC_MSGSEND = YES;
				ENABLE_TESTABILITY = YES;
				GCC_C_LANGUAGE_STANDARD = gnu11;
				GCC_DYNAMIC_NO_PIC = NO;
				GCC_NO_COMMON_BLOCKS = YES;
				GCC_OPTIMIZATION_LEVEL = 0;
				GCC_PREPROCESSOR_DEFINITIONS = (
					"DEBUG=1",
					"$(inherited)",
				);
				GCC_WARN_64_TO_32_BIT_CONVERSION = YES;
				GCC_WARN_ABOUT_RETURN_TYPE = YES_ERROR;
				GCC_WARN_UNDECLARED_SELECTOR = YES;
				GCC_WARN_UNINITIALIZED_AUTOS = YES_AGGRESSIVE;
				GCC_WARN_UNUSED_FUNCTION = YES;
				GCC_WARN_UNUSED_VARIABLE = YES;
				IPHONEOS_DEPLOYMENT_TARGET = 15.2;
				MTL_ENABLE_DEBUG_INFO = INCLUDE_SOURCE;
				MTL_FAST_MATH = YES;
				ONLY_ACTIVE_ARCH = YES;
				SDKROOT = iphoneos;
				SWIFT_ACTIVE_COMPILATION_CONDITIONS = DEBUG;
				SWIFT_OPTIMIZATION_LEVEL = "-Onone";
			};
			name = Debug;
		};
		61119AB627B3063700C77383 /* Release */ = {
			isa = XCBuildConfiguration;
			buildSettings = {
				ALWAYS_SEARCH_USER_PATHS = NO;
				CLANG_ANALYZER_NONNULL = YES;
				CLANG_ANALYZER_NUMBER_OBJECT_CONVERSION = YES_AGGRESSIVE;
				CLANG_CXX_LANGUAGE_STANDARD = "gnu++17";
				CLANG_CXX_LIBRARY = "libc++";
				CLANG_ENABLE_MODULES = YES;
				CLANG_ENABLE_OBJC_ARC = YES;
				CLANG_ENABLE_OBJC_WEAK = YES;
				CLANG_WARN_BLOCK_CAPTURE_AUTORELEASING = YES;
				CLANG_WARN_BOOL_CONVERSION = YES;
				CLANG_WARN_COMMA = YES;
				CLANG_WARN_CONSTANT_CONVERSION = YES;
				CLANG_WARN_DEPRECATED_OBJC_IMPLEMENTATIONS = YES;
				CLANG_WARN_DIRECT_OBJC_ISA_USAGE = YES_ERROR;
				CLANG_WARN_DOCUMENTATION_COMMENTS = YES;
				CLANG_WARN_EMPTY_BODY = YES;
				CLANG_WARN_ENUM_CONVERSION = YES;
				CLANG_WARN_INFINITE_RECURSION = YES;
				CLANG_WARN_INT_CONVERSION = YES;
				CLANG_WARN_NON_LITERAL_NULL_CONVERSION = YES;
				CLANG_WARN_OBJC_IMPLICIT_RETAIN_SELF = YES;
				CLANG_WARN_OBJC_LITERAL_CONVERSION = YES;
				CLANG_WARN_OBJC_ROOT_CLASS = YES_ERROR;
				CLANG_WARN_QUOTED_INCLUDE_IN_FRAMEWORK_HEADER = YES;
				CLANG_WARN_RANGE_LOOP_ANALYSIS = YES;
				CLANG_WARN_STRICT_PROTOTYPES = YES;
				CLANG_WARN_SUSPICIOUS_MOVE = YES;
				CLANG_WARN_UNGUARDED_AVAILABILITY = YES_AGGRESSIVE;
				CLANG_WARN_UNREACHABLE_CODE = YES;
				CLANG_WARN__DUPLICATE_METHOD_MATCH = YES;
				COPY_PHASE_STRIP = NO;
				DEBUG_INFORMATION_FORMAT = "dwarf-with-dsym";
				ENABLE_NS_ASSERTIONS = NO;
				ENABLE_STRICT_OBJC_MSGSEND = YES;
				GCC_C_LANGUAGE_STANDARD = gnu11;
				GCC_NO_COMMON_BLOCKS = YES;
				GCC_WARN_64_TO_32_BIT_CONVERSION = YES;
				GCC_WARN_ABOUT_RETURN_TYPE = YES_ERROR;
				GCC_WARN_UNDECLARED_SELECTOR = YES;
				GCC_WARN_UNINITIALIZED_AUTOS = YES_AGGRESSIVE;
				GCC_WARN_UNUSED_FUNCTION = YES;
				GCC_WARN_UNUSED_VARIABLE = YES;
				IPHONEOS_DEPLOYMENT_TARGET = 15.2;
				MTL_ENABLE_DEBUG_INFO = NO;
				MTL_FAST_MATH = YES;
				SDKROOT = iphoneos;
				SWIFT_COMPILATION_MODE = wholemodule;
				SWIFT_OPTIMIZATION_LEVEL = "-O";
				VALIDATE_PRODUCT = YES;
			};
			name = Release;
		};
		61119AB827B3063700C77383 /* Debug */ = {
			isa = XCBuildConfiguration;
			buildSettings = {
				ASSETCATALOG_COMPILER_APPICON_NAME = AppIcon;
				ASSETCATALOG_COMPILER_GLOBAL_ACCENT_COLOR_NAME = AccentColor;
				CODE_SIGN_STYLE = Automatic;
				CURRENT_PROJECT_VERSION = 1;
				DEVELOPMENT_TEAM = KC9MFBZKRV;
				GENERATE_INFOPLIST_FILE = YES;
				INFOPLIST_FILE = IkennaFlix/Info.plist;
				INFOPLIST_KEY_UIApplicationSupportsIndirectInputEvents = YES;
				INFOPLIST_KEY_UILaunchStoryboardName = LaunchScreen;
				INFOPLIST_KEY_UIMainStoryboardFile = Main;
				INFOPLIST_KEY_UISupportedInterfaceOrientations_iPad = "UIInterfaceOrientationPortrait UIInterfaceOrientationPortraitUpsideDown UIInterfaceOrientationLandscapeLeft UIInterfaceOrientationLandscapeRight";
				INFOPLIST_KEY_UISupportedInterfaceOrientations_iPhone = "UIInterfaceOrientationPortrait UIInterfaceOrientationLandscapeLeft UIInterfaceOrientationLandscapeRight";
				LD_RUNPATH_SEARCH_PATHS = (
					"$(inherited)",
					"@executable_path/Frameworks",
				);
				MARKETING_VERSION = 1.0;
				PRODUCT_BUNDLE_IDENTIFIER = IkennaAku.IkennaFlix;
				PRODUCT_NAME = "$(TARGET_NAME)";
				SWIFT_EMIT_LOC_STRINGS = YES;
				SWIFT_VERSION = 5.0;
				TARGETED_DEVICE_FAMILY = "1,2";
			};
			name = Debug;
		};
		61119AB927B3063700C77383 /* Release */ = {
			isa = XCBuildConfiguration;
			buildSettings = {
				ASSETCATALOG_COMPILER_APPICON_NAME = AppIcon;
				ASSETCATALOG_COMPILER_GLOBAL_ACCENT_COLOR_NAME = AccentColor;
				CODE_SIGN_STYLE = Automatic;
				CURRENT_PROJECT_VERSION = 1;
				DEVELOPMENT_TEAM = KC9MFBZKRV;
				GENERATE_INFOPLIST_FILE = YES;
				INFOPLIST_FILE = IkennaFlix/Info.plist;
				INFOPLIST_KEY_UIApplicationSupportsIndirectInputEvents = YES;
				INFOPLIST_KEY_UILaunchStoryboardName = LaunchScreen;
				INFOPLIST_KEY_UIMainStoryboardFile = Main;
				INFOPLIST_KEY_UISupportedInterfaceOrientations_iPad = "UIInterfaceOrientationPortrait UIInterfaceOrientationPortraitUpsideDown UIInterfaceOrientationLandscapeLeft UIInterfaceOrientationLandscapeRight";
				INFOPLIST_KEY_UISupportedInterfaceOrientations_iPhone = "UIInterfaceOrientationPortrait UIInterfaceOrientationLandscapeLeft UIInterfaceOrientationLandscapeRight";
				LD_RUNPATH_SEARCH_PATHS = (
					"$(inherited)",
					"@executable_path/Frameworks",
				);
				MARKETING_VERSION = 1.0;
				PRODUCT_BUNDLE_IDENTIFIER = IkennaAku.IkennaFlix;
				PRODUCT_NAME = "$(TARGET_NAME)";
				SWIFT_EMIT_LOC_STRINGS = YES;
				SWIFT_VERSION = 5.0;
				TARGETED_DEVICE_FAMILY = "1,2";
			};
			name = Release;
		};
		61119ABB27B3063700C77383 /* Debug */ = {
			isa = XCBuildConfiguration;
			buildSettings = {
				ALWAYS_EMBED_SWIFT_STANDARD_LIBRARIES = YES;
				BUNDLE_LOADER = "$(TEST_HOST)";
				CODE_SIGN_STYLE = Automatic;
				CURRENT_PROJECT_VERSION = 1;
				DEVELOPMENT_TEAM = KC9MFBZKRV;
				GENERATE_INFOPLIST_FILE = YES;
				IPHONEOS_DEPLOYMENT_TARGET = 15.2;
				MARKETING_VERSION = 1.0;
				PRODUCT_BUNDLE_IDENTIFIER = IkennaAku.IkennaFlixTests;
				PRODUCT_NAME = "$(TARGET_NAME)";
				SWIFT_EMIT_LOC_STRINGS = NO;
				SWIFT_VERSION = 5.0;
				TARGETED_DEVICE_FAMILY = "1,2";
				TEST_HOST = "$(BUILT_PRODUCTS_DIR)/IkennaFlix.app/IkennaFlix";
			};
			name = Debug;
		};
		61119ABC27B3063700C77383 /* Release */ = {
			isa = XCBuildConfiguration;
			buildSettings = {
				ALWAYS_EMBED_SWIFT_STANDARD_LIBRARIES = YES;
				BUNDLE_LOADER = "$(TEST_HOST)";
				CODE_SIGN_STYLE = Automatic;
				CURRENT_PROJECT_VERSION = 1;
				DEVELOPMENT_TEAM = KC9MFBZKRV;
				GENERATE_INFOPLIST_FILE = YES;
				IPHONEOS_DEPLOYMENT_TARGET = 15.2;
				MARKETING_VERSION = 1.0;
				PRODUCT_BUNDLE_IDENTIFIER = IkennaAku.IkennaFlixTests;
				PRODUCT_NAME = "$(TARGET_NAME)";
				SWIFT_EMIT_LOC_STRINGS = NO;
				SWIFT_VERSION = 5.0;
				TARGETED_DEVICE_FAMILY = "1,2";
				TEST_HOST = "$(BUILT_PRODUCTS_DIR)/IkennaFlix.app/IkennaFlix";
			};
			name = Release;
		};
		61119ABE27B3063700C77383 /* Debug */ = {
			isa = XCBuildConfiguration;
			buildSettings = {
				ALWAYS_EMBED_SWIFT_STANDARD_LIBRARIES = YES;
				CODE_SIGN_STYLE = Automatic;
				CURRENT_PROJECT_VERSION = 1;
				DEVELOPMENT_TEAM = KC9MFBZKRV;
				GENERATE_INFOPLIST_FILE = YES;
				MARKETING_VERSION = 1.0;
				PRODUCT_BUNDLE_IDENTIFIER = IkennaAku.IkennaFlixUITests;
				PRODUCT_NAME = "$(TARGET_NAME)";
				SWIFT_EMIT_LOC_STRINGS = NO;
				SWIFT_VERSION = 5.0;
				TARGETED_DEVICE_FAMILY = "1,2";
				TEST_TARGET_NAME = IkennaFlix;
			};
			name = Debug;
		};
		61119ABF27B3063700C77383 /* Release */ = {
			isa = XCBuildConfiguration;
			buildSettings = {
				ALWAYS_EMBED_SWIFT_STANDARD_LIBRARIES = YES;
				CODE_SIGN_STYLE = Automatic;
				CURRENT_PROJECT_VERSION = 1;
				DEVELOPMENT_TEAM = KC9MFBZKRV;
				GENERATE_INFOPLIST_FILE = YES;
				MARKETING_VERSION = 1.0;
				PRODUCT_BUNDLE_IDENTIFIER = IkennaAku.IkennaFlixUITests;
				PRODUCT_NAME = "$(TARGET_NAME)";
				SWIFT_EMIT_LOC_STRINGS = NO;
				SWIFT_VERSION = 5.0;
				TARGETED_DEVICE_FAMILY = "1,2";
				TEST_TARGET_NAME = IkennaFlix;
			};
			name = Release;
		};
/* End XCBuildConfiguration section */

/* Begin XCConfigurationList section */
		61119A8827B3063600C77383 /* Build configuration list for PBXProject "IkennaFlix" */ = {
			isa = XCConfigurationList;
			buildConfigurations = (
				61119AB527B3063700C77383 /* Debug */,
				61119AB627B3063700C77383 /* Release */,
			);
			defaultConfigurationIsVisible = 0;
			defaultConfigurationName = Release;
		};
		61119AB727B3063700C77383 /* Build configuration list for PBXNativeTarget "IkennaFlix" */ = {
			isa = XCConfigurationList;
			buildConfigurations = (
				61119AB827B3063700C77383 /* Debug */,
				61119AB927B3063700C77383 /* Release */,
			);
			defaultConfigurationIsVisible = 0;
			defaultConfigurationName = Release;
		};
		61119ABA27B3063700C77383 /* Build configuration list for PBXNativeTarget "IkennaFlixTests" */ = {
			isa = XCConfigurationList;
			buildConfigurations = (
				61119ABB27B3063700C77383 /* Debug */,
				61119ABC27B3063700C77383 /* Release */,
			);
			defaultConfigurationIsVisible = 0;
			defaultConfigurationName = Release;
		};
		61119ABD27B3063700C77383 /* Build configuration list for PBXNativeTarget "IkennaFlixUITests" */ = {
			isa = XCConfigurationList;
			buildConfigurations = (
				61119ABE27B3063700C77383 /* Debug */,
				61119ABF27B3063700C77383 /* Release */,
			);
			defaultConfigurationIsVisible = 0;
			defaultConfigurationName = Release;
		};
/* End XCConfigurationList section */
	};
	rootObject = 61119A8527B3063600C77383 /* Project object */;
}
